
Microsoft Visual Studio Solution File, Format Version 12.00
# Visual Studio Version 17
VisualStudioVersion = 17.14.36212.18 d17.14
MinimumVisualStudioVersion = 10.0.40219.1
Project("{FAE04EC0-301F-11D3-BF4B-00C04F79EFBC}") = "SchoolTimeTableAPI", "SchoolTimeTableAPI.csproj", "{B4C181D6-361C-47D1-A47B-0CBEA70D7F26}"
EndProject
Project("{FAE04EC0-301F-11D3-BF4B-00C04F79EFBC}") = "SchoolTimeTableBLL", "..\SchoolTimeTableBLL\SchoolTimeTableBLL.csproj", "{A8F3C5B9-4F9F-41BD-9FFA-96C4D95DFACD}"
EndProject
Project("{FAE04EC0-301F-11D3-BF4B-00C04F79EFBC}") = "SchoolTimeTableDAL", "..\SchoolTimeTableDAL\SchoolTimeTableDAL.csproj", "{851FB071-CAEA-4BC0-AA70-2EFA095B4784}"
EndProject
Global
	GlobalSection(SolutionConfigurationPlatforms) = preSolution
		Debug|Any CPU = Debug|Any CPU
		Release|Any CPU = Release|Any CPU
	EndGlobalSection
	GlobalSection(ProjectConfigurationPlatforms) = postSolution
		{B4C181D6-361C-47D1-A47B-0CBEA70D7F26}.Debug|Any CPU.ActiveCfg = Debug|Any CPU
		{B4C181D6-361C-47D1-A47B-0CBEA70D7F26}.Debug|Any CPU.Build.0 = Debug|Any CPU
		{B4C181D6-361C-47D1-A47B-0CBEA70D7F26}.Release|Any CPU.ActiveCfg = Release|Any CPU
		{B4C181D6-361C-47D1-A47B-0CBEA70D7F26}.Release|Any CPU.Build.0 = Release|Any CPU
		{A8F3C5B9-4F9F-41BD-9FFA-96C4D95DFACD}.Debug|Any CPU.ActiveCfg = Debug|Any CPU
		{A8F3C5B9-4F9F-41BD-9FFA-96C4D95DFACD}.Debug|Any CPU.Build.0 = Debug|Any CPU
		{A8F3C5B9-4F9F-41BD-9FFA-96C4D95DFACD}.Release|Any CPU.ActiveCfg = Release|Any CPU
		{A8F3C5B9-4F9F-41BD-9FFA-96C4D95DFACD}.Release|Any CPU.Build.0 = Release|Any CPU
		{851FB071-CAEA-4BC0-AA70-2EFA095B4784}.Debug|Any CPU.ActiveCfg = Debug|Any CPU
		{851FB071-CAEA-4BC0-AA70-2EFA095B4784}.Debug|Any CPU.Build.0 = Debug|Any CPU
		{851FB071-CAEA-4BC0-AA70-2EFA095B4784}.Release|Any CPU.ActiveCfg = Release|Any CPU
		{851FB071-CAEA-4BC0-AA70-2EFA095B4784}.Release|Any CPU.Build.0 = Release|Any CPU
	EndGlobalSection
	GlobalSection(SolutionProperties) = preSolution
		HideSolutionNode = FALSE
	EndGlobalSection
	GlobalSection(ExtensibilityGlobals) = postSolution
		SolutionGuid = {348089CB-1C5A-4C66-98F8-E51CD413CEAF}
	EndGlobalSection
EndGlobal
